// !$*UTF8*$!
{
	archiveVersion = 1;
	classes = {
	};
	objectVersion = 77;
	objects = {

/* Begin PBXContainerItemProxy section */
		7DF68EF72EEBC155001787E3 /* PBXContainerItemProxy */ = {
			isa = PBXContainerItemProxy;
			containerPortal = 7DF68ED82EEBC154001787E3 /* Project object */;
			proxyType = 1;
			remoteGlobalIDString = 7DF68EDF2EEBC154001787E3;
			remoteInfo = GarageValueTracker;
		};
		7DF68F012EEBC155001787E3 /* PBXContainerItemProxy */ = {
			isa = PBXContainerItemProxy;
			containerPortal = 7DF68ED82EEBC154001787E3 /* Project object */;
			proxyType = 1;
			remoteGlobalIDString = 7DF68EDF2EEBC154001787E3;
			remoteInfo = GarageValueTracker;
		};
/* End PBXContainerItemProxy section */

/* Begin PBXFileReference section */
		7DF68EE02EEBC154001787E3 /* GarageValueTracker.app */ = {isa = PBXFileReference; explicitFileType = wrapper.application; includeInIndex = 0; path = GarageValueTracker.app; sourceTree = BUILT_PRODUCTS_DIR; };
		7DF68EF62EEBC155001787E3 /* GarageValueTrackerTests.xctest */ = {isa = PBXFileReference; explicitFileType = wrapper.cfbundle; includeInIndex = 0; path = GarageValueTrackerTests.xctest; sourceTree = BUILT_PRODUCTS_DIR; };
		7DF68F002EEBC155001787E3 /* GarageValueTrackerUITests.xctest */ = {isa = PBXFileReference; explicitFileType = wrapper.cfbundle; includeInIndex = 0; path = GarageValueTrackerUITests.xctest; sourceTree = BUILT_PRODUCTS_DIR; };
/* End PBXFileReference section */

/* Begin PBXFileSystemSynchronizedBuildFileExceptionSet section */
		7DF68F082EEBC155001787E3 /* Exceptions for "GarageValueTracker" folder in "GarageValueTracker" target */ = {
			isa = PBXFileSystemSynchronizedBuildFileExceptionSet;
			membershipExceptions = (
				Info.plist,
			);
			target = 7DF68EDF2EEBC154001787E3 /* GarageValueTracker */;
		};
/* End PBXFileSystemSynchronizedBuildFileExceptionSet section */

/* Begin PBXFileSystemSynchronizedRootGroup section */
		7DF68EE22EEBC154001787E3 /* GarageValueTracker */ = {
			isa = PBXFileSystemSynchronizedRootGroup;
			exceptions = (
				7DF68F082EEBC155001787E3 /* Exceptions for "GarageValueTracker" folder in "GarageValueTracker" target */,
			);
			path = GarageValueTracker;
			sourceTree = "<group>";
		};
		7DF68EF92EEBC155001787E3 /* GarageValueTrackerTests */ = {
			isa = PBXFileSystemSynchronizedRootGroup;
			path = GarageValueTrackerTests;
			sourceTree = "<group>";
		};
		7DF68F032EEBC155001787E3 /* GarageValueTrackerUITests */ = {
			isa = PBXFileSystemSynchronizedRootGroup;
			path = GarageValueTrackerUITests;
			sourceTree = "<group>";
		};
/* End PBXFileSystemSynchronizedRootGroup section */

/* Begin PBXFrameworksBuildPhase section */
		7DF68EDD2EEBC154001787E3 /* Frameworks */ = {
			isa = PBXFrameworksBuildPhase;
			buildActionMask = 2147483647;
			files = (
			);
			runOnlyForDeploymentPostprocessing = 0;
		};
		7DF68EF32EEBC155001787E3 /* Frameworks */ = {
			isa = PBXFrameworksBuildPhase;
			buildActionMask = 2147483647;
			files = (
			);
			runOnlyForDeploymentPostprocessing = 0;
		};
		7DF68EFD2EEBC155001787E3 /* Frameworks */ = {
			isa = PBXFrameworksBuildPhase;
			buildActionMask = 2147483647;
			files = (
			);
			runOnlyForDeploymentPostprocessing = 0;
		};
/* End PBXFrameworksBuildPhase section */

/* Begin PBXGroup section */
		7DF68ED72EEBC154001787E3 = {
			isa = PBXGroup;
			children = (
				7DF68EE22EEBC154001787E3 /* GarageValueTracker */,
				7DF68EF92EEBC155001787E3 /* GarageValueTrackerTests */,
				7DF68F032EEBC155001787E3 /* GarageValueTrackerUITests */,
				7DF68EE12EEBC154001787E3 /* Products */,
			);
			sourceTree = "<group>";
		};
		7DF68EE12EEBC154001787E3 /* Products */ = {
			isa = PBXGroup;
			children = (
				7DF68EE02EEBC154001787E3 /* GarageValueTracker.app */,
				7DF68EF62EEBC155001787E3 /* GarageValueTrackerTests.xctest */,
				7DF68F002EEBC155001787E3 /* GarageValueTrackerUITests.xctest */,
			);
			name = Products;
			sourceTree = "<group>";
		};
/* End PBXGroup section */

/* Begin PBXNativeTarget section */
		7DF68EDF2EEBC154001787E3 /* GarageValueTracker */ = {
			isa = PBXNativeTarget;
			buildConfigurationList = 7DF68F092EEBC155001787E3 /* Build configuration list for PBXNativeTarget "GarageValueTracker" */;
			buildPhases = (
				7DF68EDC2EEBC154001787E3 /* Sources */,
				7DF68EDD2EEBC154001787E3 /* Frameworks */,
				7DF68EDE2EEBC154001787E3 /* Resources */,
			);
			buildRules = (
			);
			dependencies = (
			);
			fileSystemSynchronizedGroups = (
				7DF68EE22EEBC154001787E3 /* GarageValueTracker */,
			);
			name = GarageValueTracker;
			packageProductDependencies = (
			);
			productName = GarageValueTracker;
			productReference = 7DF68EE02EEBC154001787E3 /* GarageValueTracker.app */;
			productType = "com.apple.product-type.application";
		};
		7DF68EF52EEBC155001787E3 /* GarageValueTrackerTests */ = {
			isa = PBXNativeTarget;
			buildConfigurationList = 7DF68F0E2EEBC155001787E3 /* Build configuration list for PBXNativeTarget "GarageValueTrackerTests" */;
			buildPhases = (
				7DF68EF22EEBC155001787E3 /* Sources */,
				7DF68EF32EEBC155001787E3 /* Frameworks */,
				7DF68EF42EEBC155001787E3 /* Resources */,
			);
			buildRules = (
			);
			dependencies = (
				7DF68EF82EEBC155001787E3 /* PBXTargetDependency */,
			);
			fileSystemSynchronizedGroups = (
				7DF68EF92EEBC155001787E3 /* GarageValueTrackerTests */,
			);
			name = GarageValueTrackerTests;
			packageProductDependencies = (
			);
			productName = GarageValueTrackerTests;
			productReference = 7DF68EF62EEBC155001787E3 /* GarageValueTrackerTests.xctest */;
			productType = "com.apple.product-type.bundle.unit-test";
		};
		7DF68EFF2EEBC155001787E3 /* GarageValueTrackerUITests */ = {
			isa = PBXNativeTarget;
			buildConfigurationList = 7DF68F112EEBC155001787E3 /* Build configuration list for PBXNativeTarget "GarageValueTrackerUITests" */;
			buildPhases = (
				7DF68EFC2EEBC155001787E3 /* Sources */,
				7DF68EFD2EEBC155001787E3 /* Frameworks */,
				7DF68EFE2EEBC155001787E3 /* Resources */,
			);
			buildRules = (
			);
			dependencies = (
				7DF68F022EEBC155001787E3 /* PBXTargetDependency */,
			);
			fileSystemSynchronizedGroups = (
				7DF68F032EEBC155001787E3 /* GarageValueTrackerUITests */,
			);
			name = GarageValueTrackerUITests;
			packageProductDependencies = (
			);
			productName = GarageValueTrackerUITests;
			productReference = 7DF68F002EEBC155001787E3 /* GarageValueTrackerUITests.xctest */;
			productType = "com.apple.product-type.bundle.ui-testing";
		};
/* End PBXNativeTarget section */

/* Begin PBXProject section */
		7DF68ED82EEBC154001787E3 /* Project object */ = {
			isa = PBXProject;
			attributes = {
				BuildIndependentTargetsInParallel = 1;
				LastSwiftUpdateCheck = 2610;
				LastUpgradeCheck = 2610;
				TargetAttributes = {
					7DF68EDF2EEBC154001787E3 = {
						CreatedOnToolsVersion = 26.1.1;
					};
					7DF68EF52EEBC155001787E3 = {
						CreatedOnToolsVersion = 26.1.1;
						TestTargetID = 7DF68EDF2EEBC154001787E3;
					};
					7DF68EFF2EEBC155001787E3 = {
						CreatedOnToolsVersion = 26.1.1;
						TestTargetID = 7DF68EDF2EEBC154001787E3;
					};
				};
			};
			buildConfigurationList = 7DF68EDB2EEBC154001787E3 /* Build configuration list for PBXProject "GarageValueTracker" */;
			developmentRegion = en;
			hasScannedForEncodings = 0;
			knownRegions = (
				en,
				Base,
			);
			mainGroup = 7DF68ED72EEBC154001787E3;
			minimizedProjectReferenceProxies = 1;
			preferredProjectObjectVersion = 77;
			productRefGroup = 7DF68EE12EEBC154001787E3 /* Products */;
			projectDirPath = "";
			projectRoot = "";
			targets = (
				7DF68EDF2EEBC154001787E3 /* GarageValueTracker */,
				7DF68EF52EEBC155001787E3 /* GarageValueTrackerTests */,
				7DF68EFF2EEBC155001787E3 /* GarageValueTrackerUITests */,
			);
		};
/* End PBXProject section */

/* Begin PBXResourcesBuildPhase section */
		7DF68EDE2EEBC154001787E3 /* Resources */ = {
			isa = PBXResourcesBuildPhase;
			buildActionMask = 2147483647;
			files = (
			);
			runOnlyForDeploymentPostprocessing = 0;
		};
		7DF68EF42EEBC155001787E3 /* Resources */ = {
			isa = PBXResourcesBuildPhase;
			buildActionMask = 2147483647;
			files = (
			);
			runOnlyForDeploymentPostprocessing = 0;
		};
		7DF68EFE2EEBC155001787E3 /* Resources */ = {
			isa = PBXResourcesBuildPhase;
			buildActionMask = 2147483647;
			files = (
			);
			runOnlyForDeploymentPostprocessing = 0;
		};
/* End PBXResourcesBuildPhase section */

/* Begin PBXSourcesBuildPhase section */
		7DF68EDC2EEBC154001787E3 /* Sources */ = {
			isa = PBXSourcesBuildPhase;
			buildActionMask = 2147483647;
			files = (
			);
			runOnlyForDeploymentPostprocessing = 0;
		};
		7DF68EF22EEBC155001787E3 /* Sources */ = {
			isa = PBXSourcesBuildPhase;
			buildActionMask = 2147483647;
			files = (
			);
			runOnlyForDeploymentPostprocessing = 0;
		};
		7DF68EFC2EEBC155001787E3 /* Sources */ = {
			isa = PBXSourcesBuildPhase;
			buildActionMask = 2147483647;
			files = (
			);
			runOnlyForDeploymentPostprocessing = 0;
		};
/* End PBXSourcesBuildPhase section */

/* Begin PBXTargetDependency section */
		7DF68EF82EEBC155001787E3 /* PBXTargetDependency */ = {
			isa = PBXTargetDependency;
			target = 7DF68EDF2EEBC154001787E3 /* GarageValueTracker */;
			targetProxy = 7DF68EF72EEBC155001787E3 /* PBXContainerItemProxy */;
		};
		7DF68F022EEBC155001787E3 /* PBXTargetDependency */ = {
			isa = PBXTargetDependency;
			target = 7DF68EDF2EEBC154001787E3 /* GarageValueTracker */;
			targetProxy = 7DF68F012EEBC155001787E3 /* PBXContainerItemProxy */;
		};
/* End PBXTargetDependency section */

/* Begin XCBuildConfiguration section */
		7DF68F0A2EEBC155001787E3 /* Debug */ = {
			isa = XCBuildConfiguration;
			buildSettings = {
				ASSETCATALOG_COMPILER_APPICON_NAME = AppIcon;
				ASSETCATALOG_COMPILER_GLOBAL_ACCENT_COLOR_NAME = AccentColor;
				CODE_SIGN_STYLE = Automatic;
				CURRENT_PROJECT_VERSION = 1;
				DEVELOPMENT_TEAM = BJPH4NFNB7;
				GENERATE_INFOPLIST_FILE = YES;
				INFOPLIST_FILE = GarageValueTracker/Info.plist;
				INFOPLIST_KEY_UIApplicationSupportsIndirectInputEvents = YES;
				INFOPLIST_KEY_UILaunchStoryboardName = LaunchScreen;
				INFOPLIST_KEY_UIMainStoryboardFile = Main;
				INFOPLIST_KEY_UISupportedInterfaceOrientations_iPad = "UIInterfaceOrientationPortrait UIInterfaceOrientationPortraitUpsideDown UIInterfaceOrientationLandscapeLeft UIInterfaceOrientationLandscapeRight";
				INFOPLIST_KEY_UISupportedInterfaceOrientations_iPhone = "UIInterfaceOrientationPortrait UIInterfaceOrientationLandscapeLeft UIInterfaceOrientationLandscapeRight";
				LD_RUNPATH_SEARCH_PATHS = (
					"$(inherited)",
					"@executable_path/Frameworks",
				);
				MARKETING_VERSION = 1.0;
				PRODUCT_BUNDLE_IDENTIFIER = raamblings.GarageValueTracker;
				PRODUCT_NAME = "$(TARGET_NAME)";
				STRING_CATALOG_GENERATE_SYMBOLS = YES;
				SWIFT_APPROACHABLE_CONCURRENCY = YES;
				SWIFT_DEFAULT_ACTOR_ISOLATION = MainActor;
				SWIFT_EMIT_LOC_STRINGS = YES;
				SWIFT_UPCOMING_FEATURE_MEMBER_IMPORT_VISIBILITY = YES;
				SWIFT_VERSION = 5.0;
				TARGETED_DEVICE_FAMILY = "1,2";
			};
			name = Debug;
		};
		7DF68F0B2EEBC155001787E3 /* Release */ = {
			isa = XCBuildConfiguration;
			buildSettings = {
				ASSETCATALOG_COMPILER_APPICON_NAME = AppIcon;
				ASSETCATALOG_COMPILER_GLOBAL_ACCENT_COLOR_NAME = AccentColor;
				CODE_SIGN_STYLE = Automatic;
				CURRENT_PROJECT_VERSION = 1;
				DEVELOPMENT_TEAM = BJPH4NFNB7;
				GENERATE_INFOPLIST_FILE = YES;
				INFOPLIST_FILE = GarageValueTracker/Info.plist;
				INFOPLIST_KEY_UIApplicationSupportsIndirectInputEvents = YES;
				INFOPLIST_KEY_UILaunchStoryboardName = LaunchScreen;
				INFOPLIST_KEY_UIMainStoryboardFile = Main;
				INFOPLIST_KEY_UISupportedInterfaceOrientations_iPad = "UIInterfaceOrientationPortrait UIInterfaceOrientationPortraitUpsideDown UIInterfaceOrientationLandscapeLeft UIInterfaceOrientationLandscapeRight";
				INFOPLIST_KEY_UISupportedInterfaceOrientations_iPhone = "UIInterfaceOrientationPortrait UIInterfaceOrientationLandscapeLeft UIInterfaceOrientationLandscapeRight";
				LD_RUNPATH_SEARCH_PATHS = (
					"$(inherited)",
					"@executable_path/Frameworks",
				);
				MARKETING_VERSION = 1.0;
				PRODUCT_BUNDLE_IDENTIFIER = raamblings.GarageValueTracker;
				PRODUCT_NAME = "$(TARGET_NAME)";
				STRING_CATALOG_GENERATE_SYMBOLS = YES;
				SWIFT_APPROACHABLE_CONCURRENCY = YES;
				SWIFT_DEFAULT_ACTOR_ISOLATION = MainActor;
				SWIFT_EMIT_LOC_STRINGS = YES;
				SWIFT_UPCOMING_FEATURE_MEMBER_IMPORT_VISIBILITY = YES;
				SWIFT_VERSION = 5.0;
				TARGETED_DEVICE_FAMILY = "1,2";
			};
			name = Release;
		};
		7DF68F0C2EEBC155001787E3 /* Debug */ = {
			isa = XCBuildConfiguration;
			buildSettings = {
				ALWAYS_SEARCH_USER_PATHS = NO;
				ASSETCATALOG_COMPILER_GENERATE_SWIFT_ASSET_SYMBOL_EXTENSIONS = YES;
				CLANG_ANALYZER_NONNULL = YES;
				CLANG_ANALYZER_NUMBER_OBJECT_CONVERSION = YES_AGGRESSIVE;
				CLANG_CXX_LANGUAGE_STANDARD = "gnu++20";
				CLANG_ENABLE_MODULES = YES;
				CLANG_ENABLE_OBJC_ARC = YES;
				CLANG_ENABLE_OBJC_WEAK = YES;
				CLANG_WARN_BLOCK_CAPTURE_AUTORELEASING = YES;
				CLANG_WARN_BOOL_CONVERSION = YES;
				CLANG_WARN_COMMA = YES;
				CLANG_WARN_CONSTANT_CONVERSION = YES;
				CLANG_WARN_DEPRECATED_OBJC_IMPLEMENTATIONS = YES;
				CLANG_WARN_DIRECT_OBJC_ISA_USAGE = YES_ERROR;
				CLANG_WARN_DOCUMENTATION_COMMENTS = YES;
				CLANG_WARN_EMPTY_BODY = YES;
				CLANG_WARN_ENUM_CONVERSION = YES;
				CLANG_WARN_INFINITE_RECURSION = YES;
				CLANG_WARN_INT_CONVERSION = YES;
				CLANG_WARN_NON_LITERAL_NULL_CONVERSION = YES;
				CLANG_WARN_OBJC_IMPLICIT_RETAIN_SELF = YES;
				CLANG_WARN_OBJC_LITERAL_CONVERSION = YES;
				CLANG_WARN_OBJC_ROOT_CLASS = YES_ERROR;
				CLANG_WARN_QUOTED_INCLUDE_IN_FRAMEWORK_HEADER = YES;
				CLANG_WARN_RANGE_LOOP_ANALYSIS = YES;
				CLANG_WARN_STRICT_PROTOTYPES = YES;
				CLANG_WARN_SUSPICIOUS_MOVE = YES;
				CLANG_WARN_UNGUARDED_AVAILABILITY = YES_AGGRESSIVE;
				CLANG_WARN_UNREACHABLE_CODE = YES;
				CLANG_WARN__DUPLICATE_METHOD_MATCH = YES;
				COPY_PHASE_STRIP = NO;
				DEBUG_INFORMATION_FORMAT = dwarf;
				DEVELOPMENT_TEAM = BJPH4NFNB7;
				ENABLE_STRICT_OBJC_MSGSEND = YES;
				ENABLE_TESTABILITY = YES;
				ENABLE_USER_SCRIPT_SANDBOXING = YES;
				GCC_C_LANGUAGE_STANDARD = gnu17;
				GCC_DYNAMIC_NO_PIC = NO;
				GCC_NO_COMMON_BLOCKS = YES;
				GCC_OPTIMIZATION_LEVEL = 0;
				GCC_PREPROCESSOR_DEFINITIONS = (
					"DEBUG=1",
					"$(inherited)",
				);
				GCC_WARN_64_TO_32_BIT_CONVERSION = YES;
				GCC_WARN_ABOUT_RETURN_TYPE = YES_ERROR;
				GCC_WARN_UNDECLARED_SELECTOR = YES;
				GCC_WARN_UNINITIALIZED_AUTOS = YES_AGGRESSIVE;
				GCC_WARN_UNUSED_FUNCTION = YES;
				GCC_WARN_UNUSED_VARIABLE = YES;
				IPHONEOS_DEPLOYMENT_TARGET = 26.1;
				LOCALIZATION_PREFERS_STRING_CATALOGS = YES;
				MTL_ENABLE_DEBUG_INFO = INCLUDE_SOURCE;
				MTL_FAST_MATH = YES;
				ONLY_ACTIVE_ARCH = YES;
				SDKROOT = iphoneos;
				SWIFT_ACTIVE_COMPILATION_CONDITIONS = "DEBUG $(inherited)";
				SWIFT_OPTIMIZATION_LEVEL = "-Onone";
			};
			name = Debug;
		};
		7DF68F0D2EEBC155001787E3 /* Release */ = {
			isa = XCBuildConfiguration;
			buildSettings = {
				ALWAYS_SEARCH_USER_PATHS = NO;
				ASSETCATALOG_COMPILER_GENERATE_SWIFT_ASSET_SYMBOL_EXTENSIONS = YES;
				CLANG_ANALYZER_NONNULL = YES;
				CLANG_ANALYZER_NUMBER_OBJECT_CONVERSION = YES_AGGRESSIVE;
				CLANG_CXX_LANGUAGE_STANDARD = "gnu++20";
				CLANG_ENABLE_MODULES = YES;
				CLANG_ENABLE_OBJC_ARC = YES;
				CLANG_ENABLE_OBJC_WEAK = YES;
				CLANG_WARN_BLOCK_CAPTURE_AUTORELEASING = YES;
				CLANG_WARN_BOOL_CONVERSION = YES;
				CLANG_WARN_COMMA = YES;
				CLANG_WARN_CONSTANT_CONVERSION = YES;
				CLANG_WARN_DEPRECATED_OBJC_IMPLEMENTATIONS = YES;
				CLANG_WARN_DIRECT_OBJC_ISA_USAGE = YES_ERROR;
				CLANG_WARN_DOCUMENTATION_COMMENTS = YES;
				CLANG_WARN_EMPTY_BODY = YES;
				CLANG_WARN_ENUM_CONVERSION = YES;
				CLANG_WARN_INFINITE_RECURSION = YES;
				CLANG_WARN_INT_CONVERSION = YES;
				CLANG_WARN_NON_LITERAL_NULL_CONVERSION = YES;
				CLANG_WARN_OBJC_IMPLICIT_RETAIN_SELF = YES;
				CLANG_WARN_OBJC_LITERAL_CONVERSION = YES;
				CLANG_WARN_OBJC_ROOT_CLASS = YES_ERROR;
				CLANG_WARN_QUOTED_INCLUDE_IN_FRAMEWORK_HEADER = YES;
				CLANG_WARN_RANGE_LOOP_ANALYSIS = YES;
				CLANG_WARN_STRICT_PROTOTYPES = YES;
				CLANG_WARN_SUSPICIOUS_MOVE = YES;
				CLANG_WARN_UNGUARDED_AVAILABILITY = YES_AGGRESSIVE;
				CLANG_WARN_UNREACHABLE_CODE = YES;
				CLANG_WARN__DUPLICATE_METHOD_MATCH = YES;
				COPY_PHASE_STRIP = NO;
				DEBUG_INFORMATION_FORMAT = "dwarf-with-dsym";
				DEVELOPMENT_TEAM = BJPH4NFNB7;
				ENABLE_NS_ASSERTIONS = NO;
				ENABLE_STRICT_OBJC_MSGSEND = YES;
				ENABLE_USER_SCRIPT_SANDBOXING = YES;
				GCC_C_LANGUAGE_STANDARD = gnu17;
				GCC_NO_COMMON_BLOCKS = YES;
				GCC_WARN_64_TO_32_BIT_CONVERSION = YES;
				GCC_WARN_ABOUT_RETURN_TYPE = YES_ERROR;
				GCC_WARN_UNDECLARED_SELECTOR = YES;
				GCC_WARN_UNINITIALIZED_AUTOS = YES_AGGRESSIVE;
				GCC_WARN_UNUSED_FUNCTION = YES;
				GCC_WARN_UNUSED_VARIABLE = YES;
				IPHONEOS_DEPLOYMENT_TARGET = 26.1;
				LOCALIZATION_PREFERS_STRING_CATALOGS = YES;
				MTL_ENABLE_DEBUG_INFO = NO;
				MTL_FAST_MATH = YES;
				SDKROOT = iphoneos;
				SWIFT_COMPILATION_MODE = wholemodule;
				VALIDATE_PRODUCT = YES;
			};
			name = Release;
		};
		7DF68F0F2EEBC155001787E3 /* Debug */ = {
			isa = XCBuildConfiguration;
			buildSettings = {
				BUNDLE_LOADER = "$(TEST_HOST)";
				CODE_SIGN_STYLE = Automatic;
				CURRENT_PROJECT_VERSION = 1;
				DEVELOPMENT_TEAM = BJPH4NFNB7;
				GENERATE_INFOPLIST_FILE = YES;
				IPHONEOS_DEPLOYMENT_TARGET = 26.1;
				MARKETING_VERSION = 1.0;
				PRODUCT_BUNDLE_IDENTIFIER = raamblings.GarageValueTrackerTests;
				PRODUCT_NAME = "$(TARGET_NAME)";
				STRING_CATALOG_GENERATE_SYMBOLS = NO;
				SWIFT_APPROACHABLE_CONCURRENCY = YES;
				SWIFT_EMIT_LOC_STRINGS = NO;
				SWIFT_UPCOMING_FEATURE_MEMBER_IMPORT_VISIBILITY = YES;
				SWIFT_VERSION = 5.0;
				TARGETED_DEVICE_FAMILY = "1,2";
				TEST_HOST = "$(BUILT_PRODUCTS_DIR)/GarageValueTracker.app/$(BUNDLE_EXECUTABLE_FOLDER_PATH)/GarageValueTracker";
			};
			name = Debug;
		};
		7DF68F102EEBC155001787E3 /* Release */ = {
			isa = XCBuildConfiguration;
			buildSettings = {
				BUNDLE_LOADER = "$(TEST_HOST)";
				CODE_SIGN_STYLE = Automatic;
				CURRENT_PROJECT_VERSION = 1;
				DEVELOPMENT_TEAM = BJPH4NFNB7;
				GENERATE_INFOPLIST_FILE = YES;
				IPHONEOS_DEPLOYMENT_TARGET = 26.1;
				MARKETING_VERSION = 1.0;
				PRODUCT_BUNDLE_IDENTIFIER = raamblings.GarageValueTrackerTests;
				PRODUCT_NAME = "$(TARGET_NAME)";
				STRING_CATALOG_GENERATE_SYMBOLS = NO;
				SWIFT_APPROACHABLE_CONCURRENCY = YES;
				SWIFT_EMIT_LOC_STRINGS = NO;
				SWIFT_UPCOMING_FEATURE_MEMBER_IMPORT_VISIBILITY = YES;
				SWIFT_VERSION = 5.0;
				TARGETED_DEVICE_FAMILY = "1,2";
				TEST_HOST = "$(BUILT_PRODUCTS_DIR)/GarageValueTracker.app/$(BUNDLE_EXECUTABLE_FOLDER_PATH)/GarageValueTracker";
			};
			name = Release;
		};
		7DF68F122EEBC155001787E3 /* Debug */ = {
			isa = XCBuildConfiguration;
			buildSettings = {
				CODE_SIGN_STYLE = Automatic;
				CURRENT_PROJECT_VERSION = 1;
				DEVELOPMENT_TEAM = BJPH4NFNB7;
				GENERATE_INFOPLIST_FILE = YES;
				MARKETING_VERSION = 1.0;
				PRODUCT_BUNDLE_IDENTIFIER = raamblings.GarageValueTrackerUITests;
				PRODUCT_NAME = "$(TARGET_NAME)";
				STRING_CATALOG_GENERATE_SYMBOLS = NO;
				SWIFT_APPROACHABLE_CONCURRENCY = YES;
				SWIFT_EMIT_LOC_STRINGS = NO;
				SWIFT_UPCOMING_FEATURE_MEMBER_IMPORT_VISIBILITY = YES;
				SWIFT_VERSION = 5.0;
				TARGETED_DEVICE_FAMILY = "1,2";
				TEST_TARGET_NAME = GarageValueTracker;
			};
			name = Debug;
		};
		7DF68F132EEBC155001787E3 /* Release */ = {
			isa = XCBuildConfiguration;
			buildSettings = {
				CODE_SIGN_STYLE = Automatic;
				CURRENT_PROJECT_VERSION = 1;
				DEVELOPMENT_TEAM = BJPH4NFNB7;
				GENERATE_INFOPLIST_FILE = YES;
				MARKETING_VERSION = 1.0;
				PRODUCT_BUNDLE_IDENTIFIER = raamblings.GarageValueTrackerUITests;
				PRODUCT_NAME = "$(TARGET_NAME)";
				STRING_CATALOG_GENERATE_SYMBOLS = NO;
				SWIFT_APPROACHABLE_CONCURRENCY = YES;
				SWIFT_EMIT_LOC_STRINGS = NO;
				SWIFT_UPCOMING_FEATURE_MEMBER_IMPORT_VISIBILITY = YES;
				SWIFT_VERSION = 5.0;
				TARGETED_DEVICE_FAMILY = "1,2";
				TEST_TARGET_NAME = GarageValueTracker;
			};
			name = Release;
		};
/* End XCBuildConfiguration section */

/* Begin XCConfigurationList section */
		7DF68EDB2EEBC154001787E3 /* Build configuration list for PBXProject "GarageValueTracker" */ = {
			isa = XCConfigurationList;
			buildConfigurations = (
				7DF68F0C2EEBC155001787E3 /* Debug */,
				7DF68F0D2EEBC155001787E3 /* Release */,
			);
			defaultConfigurationIsVisible = 0;
			defaultConfigurationName = Release;
		};
		7DF68F092EEBC155001787E3 /* Build configuration list for PBXNativeTarget "GarageValueTracker" */ = {
			isa = XCConfigurationList;
			buildConfigurations = (
				7DF68F0A2EEBC155001787E3 /* Debug */,
				7DF68F0B2EEBC155001787E3 /* Release */,
			);
			defaultConfigurationIsVisible = 0;
			defaultConfigurationName = Release;
		};
		7DF68F0E2EEBC155001787E3 /* Build configuration list for PBXNativeTarget "GarageValueTrackerTests" */ = {
			isa = XCConfigurationList;
			buildConfigurations = (
				7DF68F0F2EEBC155001787E3 /* Debug */,
				7DF68F102EEBC155001787E3 /* Release */,
			);
			defaultConfigurationIsVisible = 0;
			defaultConfigurationName = Release;
		};
		7DF68F112EEBC155001787E3 /* Build configuration list for PBXNativeTarget "GarageValueTrackerUITests" */ = {
			isa = XCConfigurationList;
			buildConfigurations = (
				7DF68F122EEBC155001787E3 /* Debug */,
				7DF68F132EEBC155001787E3 /* Release */,
			);
			defaultConfigurationIsVisible = 0;
			defaultConfigurationName = Release;
		};
/* End XCConfigurationList section */
	};
	rootObject = 7DF68ED82EEBC154001787E3 /* Project object */;
}
